{
  "name": "Sonic Adventure",
  "lockfileVersion": 2,
  "requires": true,
  "packages": {
    "": {
      "dependencies": {
        "@elemaudio/core-lite": "^0.11.5"
      }
    },
    "node_modules/@elemaudio/core-lite": {
      "version": "0.11.5",
      "resolved": "https://registry.npmjs.org/@elemaudio/core-lite/-/core-lite-0.11.5.tgz",
      "integrity": "sha512-j4BwjRWuHs5UPBMU9DMnvIC//6TOZqsn3yIosvpyUgnfxFKE5qj7GB0q5s/fJePtBkgsQAO/UVo9jbd+Zt4v0Q=="
    }
  },
  "dependencies": {
    "@elemaudio/core-lite": {
      "version": "0.11.5",
      "resolved": "https://registry.npmjs.org/@elemaudio/core-lite/-/core-lite-0.11.5.tgz",
      "integrity": "sha512-j4BwjRWuHs5UPBMU9DMnvIC//6TOZqsn3yIosvpyUgnfxFKE5qj7GB0q5s/fJePtBkgsQAO/UVo9jbd+Zt4v0Q=="
    }
  }
}
